// !$*UTF8*$!
{
	archiveVersion = 1;
	classes = {
	};
	objectVersion = 56;
	objects = {

/* Begin PBXBuildFile section */
		8B1460E52BBF41E3000FCAE5 /* FavoriteButton.swift in Sources */ = {isa = PBXBuildFile; fileRef = 8B1460E42BBF41E3000FCAE5 /* FavoriteButton.swift */; };
		8B1460E92BBF44FC000FCAE5 /* HexagonParameters.swift in Sources */ = {isa = PBXBuildFile; fileRef = 8B1460E82BBF44FC000FCAE5 /* HexagonParameters.swift */; };
		8B1460EB2BBF45C5000FCAE5 /* BadgeBackground.swift in Sources */ = {isa = PBXBuildFile; fileRef = 8B1460EA2BBF45C5000FCAE5 /* BadgeBackground.swift */; };
		8B1460ED2BBF495D000FCAE5 /* BadgeSymbol.swift in Sources */ = {isa = PBXBuildFile; fileRef = 8B1460EC2BBF495D000FCAE5 /* BadgeSymbol.swift */; };
		8B1460EF2BBF49DF000FCAE5 /* RotatedBadgeSymbol.swift in Sources */ = {isa = PBXBuildFile; fileRef = 8B1460EE2BBF49DF000FCAE5 /* RotatedBadgeSymbol.swift */; };
		8B1460F12BBF4A57000FCAE5 /* Badge.swift in Sources */ = {isa = PBXBuildFile; fileRef = 8B1460F02BBF4A57000FCAE5 /* Badge.swift */; };
		8B74B9372BBDF36C0038C9D1 /* ContentView.swift in Sources */ = {isa = PBXBuildFile; fileRef = 8B74B9362BBDF36C0038C9D1 /* ContentView.swift */; };
		8B74B9392BBDF36E0038C9D1 /* Assets.xcassets in Resources */ = {isa = PBXBuildFile; fileRef = 8B74B9382BBDF36E0038C9D1 /* Assets.xcassets */; };
		8B74B93C2BBDF36E0038C9D1 /* Preview Assets.xcassets in Resources */ = {isa = PBXBuildFile; fileRef = 8B74B93B2BBDF36E0038C9D1 /* Preview Assets.xcassets */; };
		8B74B9452BBDF4D30038C9D1 /* Landmark.swift in Sources */ = {isa = PBXBuildFile; fileRef = 8B74B9422BBDF4D30038C9D1 /* Landmark.swift */; };
		8B74B9462BBDF4D30038C9D1 /* ModelData.swift in Sources */ = {isa = PBXBuildFile; fileRef = 8B74B9432BBDF4D30038C9D1 /* ModelData.swift */; };
		8B74B94E2BBDF51D0038C9D1 /* LandmarkList.swift in Sources */ = {isa = PBXBuildFile; fileRef = 8B74B9482BBDF51C0038C9D1 /* LandmarkList.swift */; };
		8B74B94F2BBDF51D0038C9D1 /* LandmarkRow.swift in Sources */ = {isa = PBXBuildFile; fileRef = 8B74B9492BBDF51D0038C9D1 /* LandmarkRow.swift */; };
		8B74B9502BBDF51D0038C9D1 /* MapView.swift in Sources */ = {isa = PBXBuildFile; fileRef = 8B74B94A2BBDF51D0038C9D1 /* MapView.swift */; };
		8B74B9512BBDF51D0038C9D1 /* LandmarkDetail.swift in Sources */ = {isa = PBXBuildFile; fileRef = 8B74B94B2BBDF51D0038C9D1 /* LandmarkDetail.swift */; };
		8B74B9522BBDF51D0038C9D1 /* CircleImage.swift in Sources */ = {isa = PBXBuildFile; fileRef = 8B74B94C2BBDF51D0038C9D1 /* CircleImage.swift */; };
		8B74B9562BBDF52E0038C9D1 /* landmarkData.json in Resources */ = {isa = PBXBuildFile; fileRef = 8B74B9542BBDF52E0038C9D1 /* landmarkData.json */; };
		8B74B9572BBDF5FC0038C9D1 /* LandmarksApp.swift in Sources */ = {isa = PBXBuildFile; fileRef = 8B74B9342BBDF36C0038C9D1 /* LandmarksApp.swift */; };
		8BB0428F2BC47C40008AA8CB /* Hike.swift in Sources */ = {isa = PBXBuildFile; fileRef = 8BB0428E2BC47C40008AA8CB /* Hike.swift */; };
		8BB0429A2BC48415008AA8CB /* hikeData.json in Resources */ = {isa = PBXBuildFile; fileRef = 8BB042992BC48415008AA8CB /* hikeData.json */; };
		8BB042A02BC48484008AA8CB /* GraphCapsule.swift in Sources */ = {isa = PBXBuildFile; fileRef = 8BB0429B2BC48484008AA8CB /* GraphCapsule.swift */; };
		8BB042A12BC48484008AA8CB /* HikeDetail.swift in Sources */ = {isa = PBXBuildFile; fileRef = 8BB0429C2BC48484008AA8CB /* HikeDetail.swift */; };
		8BB042A22BC48484008AA8CB /* HikeGraph.swift in Sources */ = {isa = PBXBuildFile; fileRef = 8BB0429D2BC48484008AA8CB /* HikeGraph.swift */; };
		8BB042A32BC48484008AA8CB /* HikeView.swift in Sources */ = {isa = PBXBuildFile; fileRef = 8BB0429E2BC48484008AA8CB /* HikeView.swift */; };
/* End PBXBuildFile section */

/* Begin PBXFileReference section */
		8B1460E42BBF41E3000FCAE5 /* FavoriteButton.swift */ = {isa = PBXFileReference; lastKnownFileType = sourcecode.swift; path = FavoriteButton.swift; sourceTree = "<group>"; };
		8B1460E82BBF44FC000FCAE5 /* HexagonParameters.swift */ = {isa = PBXFileReference; lastKnownFileType = sourcecode.swift; path = HexagonParameters.swift; sourceTree = "<group>"; };
		8B1460EA2BBF45C5000FCAE5 /* BadgeBackground.swift */ = {isa = PBXFileReference; lastKnownFileType = sourcecode.swift; path = BadgeBackground.swift; sourceTree = "<group>"; };
		8B1460EC2BBF495D000FCAE5 /* BadgeSymbol.swift */ = {isa = PBXFileReference; lastKnownFileType = sourcecode.swift; path = BadgeSymbol.swift; sourceTree = "<group>"; };
		8B1460EE2BBF49DF000FCAE5 /* RotatedBadgeSymbol.swift */ = {isa = PBXFileReference; lastKnownFileType = sourcecode.swift; path = RotatedBadgeSymbol.swift; sourceTree = "<group>"; };
		8B1460F02BBF4A57000FCAE5 /* Badge.swift */ = {isa = PBXFileReference; lastKnownFileType = sourcecode.swift; path = Badge.swift; sourceTree = "<group>"; };
		8B74B9312BBDF36C0038C9D1 /* Landmarks.app */ = {isa = PBXFileReference; explicitFileType = wrapper.application; includeInIndex = 0; path = Landmarks.app; sourceTree = BUILT_PRODUCTS_DIR; };
		8B74B9342BBDF36C0038C9D1 /* LandmarksApp.swift */ = {isa = PBXFileReference; lastKnownFileType = sourcecode.swift; path = LandmarksApp.swift; sourceTree = "<group>"; };
		8B74B9362BBDF36C0038C9D1 /* ContentView.swift */ = {isa = PBXFileReference; lastKnownFileType = sourcecode.swift; path = ContentView.swift; sourceTree = "<group>"; };
		8B74B9382BBDF36E0038C9D1 /* Assets.xcassets */ = {isa = PBXFileReference; lastKnownFileType = folder.assetcatalog; path = Assets.xcassets; sourceTree = "<group>"; };
		8B74B93B2BBDF36E0038C9D1 /* Preview Assets.xcassets */ = {isa = PBXFileReference; lastKnownFileType = folder.assetcatalog; path = "Preview Assets.xcassets"; sourceTree = "<group>"; };
		8B74B9422BBDF4D30038C9D1 /* Landmark.swift */ = {isa = PBXFileReference; fileEncoding = 4; lastKnownFileType = sourcecode.swift; path = Landmark.swift; sourceTree = "<group>"; };
		8B74B9432BBDF4D30038C9D1 /* ModelData.swift */ = {isa = PBXFileReference; fileEncoding = 4; lastKnownFileType = sourcecode.swift; path = ModelData.swift; sourceTree = "<group>"; };
		8B74B9482BBDF51C0038C9D1 /* LandmarkList.swift */ = {isa = PBXFileReference; fileEncoding = 4; lastKnownFileType = sourcecode.swift; path = LandmarkList.swift; sourceTree = "<group>"; };
		8B74B9492BBDF51D0038C9D1 /* LandmarkRow.swift */ = {isa = PBXFileReference; fileEncoding = 4; lastKnownFileType = sourcecode.swift; path = LandmarkRow.swift; sourceTree = "<group>"; };
		8B74B94A2BBDF51D0038C9D1 /* MapView.swift */ = {isa = PBXFileReference; fileEncoding = 4; lastKnownFileType = sourcecode.swift; path = MapView.swift; sourceTree = "<group>"; };
		8B74B94B2BBDF51D0038C9D1 /* LandmarkDetail.swift */ = {isa = PBXFileReference; fileEncoding = 4; lastKnownFileType = sourcecode.swift; path = LandmarkDetail.swift; sourceTree = "<group>"; };
		8B74B94C2BBDF51D0038C9D1 /* CircleImage.swift */ = {isa = PBXFileReference; fileEncoding = 4; lastKnownFileType = sourcecode.swift; path = CircleImage.swift; sourceTree = "<group>"; };
		8B74B9542BBDF52E0038C9D1 /* landmarkData.json */ = {isa = PBXFileReference; fileEncoding = 4; lastKnownFileType = text.json; path = landmarkData.json; sourceTree = "<group>"; };
		8BB0428E2BC47C40008AA8CB /* Hike.swift */ = {isa = PBXFileReference; lastKnownFileType = sourcecode.swift; path = Hike.swift; sourceTree = "<group>"; };
		8BB042992BC48415008AA8CB /* hikeData.json */ = {isa = PBXFileReference; fileEncoding = 4; lastKnownFileType = text.json; path = hikeData.json; sourceTree = "<group>"; };
		8BB0429B2BC48484008AA8CB /* GraphCapsule.swift */ = {isa = PBXFileReference; fileEncoding = 4; lastKnownFileType = sourcecode.swift; path = GraphCapsule.swift; sourceTree = "<group>"; };
		8BB0429C2BC48484008AA8CB /* HikeDetail.swift */ = {isa = PBXFileReference; fileEncoding = 4; lastKnownFileType = sourcecode.swift; path = HikeDetail.swift; sourceTree = "<group>"; };
		8BB0429D2BC48484008AA8CB /* HikeGraph.swift */ = {isa = PBXFileReference; fileEncoding = 4; lastKnownFileType = sourcecode.swift; path = HikeGraph.swift; sourceTree = "<group>"; };
		8BB0429E2BC48484008AA8CB /* HikeView.swift */ = {isa = PBXFileReference; fileEncoding = 4; lastKnownFileType = sourcecode.swift; path = HikeView.swift; sourceTree = "<group>"; };
/* End PBXFileReference section */

/* Begin PBXFrameworksBuildPhase section */
		8B74B92E2BBDF36C0038C9D1 /* Frameworks */ = {
			isa = PBXFrameworksBuildPhase;
			buildActionMask = 2147483647;
			files = (
			);
			runOnlyForDeploymentPostprocessing = 0;
		};
/* End PBXFrameworksBuildPhase section */

/* Begin PBXGroup section */
		8B1460E62BBF4310000FCAE5 /* Landmarks */ = {
			isa = PBXGroup;
			children = (
				8B74B94B2BBDF51D0038C9D1 /* LandmarkDetail.swift */,
				8B74B9482BBDF51C0038C9D1 /* LandmarkList.swift */,
				8B74B9492BBDF51D0038C9D1 /* LandmarkRow.swift */,
			);
			path = Landmarks;
			sourceTree = "<group>";
		};
		8B1460E72BBF4325000FCAE5 /* Helper */ = {
			isa = PBXGroup;
			children = (
				8B74B94C2BBDF51D0038C9D1 /* CircleImage.swift */,
				8B74B94A2BBDF51D0038C9D1 /* MapView.swift */,
				8B1460E42BBF41E3000FCAE5 /* FavoriteButton.swift */,
			);
			path = Helper;
			sourceTree = "<group>";
		};
		8B1460F32BBF4C5C000FCAE5 /* Badges */ = {
			isa = PBXGroup;
			children = (
				8B1460EA2BBF45C5000FCAE5 /* BadgeBackground.swift */,
				8B1460EC2BBF495D000FCAE5 /* BadgeSymbol.swift */,
				8B1460EE2BBF49DF000FCAE5 /* RotatedBadgeSymbol.swift */,
				8B1460F02BBF4A57000FCAE5 /* Badge.swift */,
				8B1460E82BBF44FC000FCAE5 /* HexagonParameters.swift */,
			);
			path = Badges;
			sourceTree = "<group>";
		};
		8B74B9282BBDF36C0038C9D1 = {
			isa = PBXGroup;
			children = (
				8B74B9332BBDF36C0038C9D1 /* Landmarks */,
				8B74B9322BBDF36C0038C9D1 /* Products */,
			);
			sourceTree = "<group>";
		};
		8B74B9322BBDF36C0038C9D1 /* Products */ = {
			isa = PBXGroup;
			children = (
				8B74B9312BBDF36C0038C9D1 /* Landmarks.app */,
			);
			name = Products;
			sourceTree = "<group>";
		};
		8B74B9332BBDF36C0038C9D1 /* Landmarks */ = {
			isa = PBXGroup;
			children = (
				8B74B9342BBDF36C0038C9D1 /* LandmarksApp.swift */,
				8B74B9382BBDF36E0038C9D1 /* Assets.xcassets */,
				8B74B9442BBDF4D30038C9D1 /* Model */,
				8B74B93A2BBDF36E0038C9D1 /* Preview Content */,
				8B74B9552BBDF52E0038C9D1 /* Resources */,
				8B74B9472BBDF50D0038C9D1 /* Views */,
			);
			path = Landmarks;
			sourceTree = "<group>";
		};
		8B74B93A2BBDF36E0038C9D1 /* Preview Content */ = {
			isa = PBXGroup;
			children = (
				8B74B93B2BBDF36E0038C9D1 /* Preview Assets.xcassets */,
			);
			path = "Preview Content";
			sourceTree = "<group>";
		};
		8B74B9442BBDF4D30038C9D1 /* Model */ = {
			isa = PBXGroup;
			children = (
				8B74B9422BBDF4D30038C9D1 /* Landmark.swift */,
				8B74B9432BBDF4D30038C9D1 /* ModelData.swift */,
				8BB0428E2BC47C40008AA8CB /* Hike.swift */,
			);
			path = Model;
			sourceTree = "<group>";
		};
		8B74B9472BBDF50D0038C9D1 /* Views */ = {
			isa = PBXGroup;
			children = (
				8BB0429F2BC48484008AA8CB /* Hikes */,
				8B1460F32BBF4C5C000FCAE5 /* Badges */,
				8B1460E72BBF4325000FCAE5 /* Helper */,
				8B1460E62BBF4310000FCAE5 /* Landmarks */,
				8B74B9362BBDF36C0038C9D1 /* ContentView.swift */,
			);
			path = Views;
			sourceTree = "<group>";
		};
		8B74B9552BBDF52E0038C9D1 /* Resources */ = {
			isa = PBXGroup;
			children = (
				8BB042992BC48415008AA8CB /* hikeData.json */,
				8B74B9542BBDF52E0038C9D1 /* landmarkData.json */,
			);
			path = Resources;
			sourceTree = "<group>";
		};
		8BB0429F2BC48484008AA8CB /* Hikes */ = {
			isa = PBXGroup;
			children = (
				8BB0429B2BC48484008AA8CB /* GraphCapsule.swift */,
				8BB0429C2BC48484008AA8CB /* HikeDetail.swift */,
				8BB0429D2BC48484008AA8CB /* HikeGraph.swift */,
				8BB0429E2BC48484008AA8CB /* HikeView.swift */,
			);
			path = Hikes;
			sourceTree = "<group>";
		};
/* End PBXGroup section */

/* Begin PBXNativeTarget section */
		8B74B9302BBDF36C0038C9D1 /* Landmarks */ = {
			isa = PBXNativeTarget;
			buildConfigurationList = 8B74B93F2BBDF36E0038C9D1 /* Build configuration list for PBXNativeTarget "Landmarks" */;
			buildPhases = (
				8B74B92D2BBDF36C0038C9D1 /* Sources */,
				8B74B92E2BBDF36C0038C9D1 /* Frameworks */,
				8B74B92F2BBDF36C0038C9D1 /* Resources */,
			);
			buildRules = (
			);
			dependencies = (
			);
			name = Landmarks;
			productName = Landmarks;
			productReference = 8B74B9312BBDF36C0038C9D1 /* Landmarks.app */;
			productType = "com.apple.product-type.application";
		};
/* End PBXNativeTarget section */

/* Begin PBXProject section */
		8B74B9292BBDF36C0038C9D1 /* Project object */ = {
			isa = PBXProject;
			attributes = {
				BuildIndependentTargetsInParallel = 1;
				LastSwiftUpdateCheck = 1530;
				LastUpgradeCheck = 1530;
				TargetAttributes = {
					8B74B9302BBDF36C0038C9D1 = {
						CreatedOnToolsVersion = 15.3;
					};
				};
			};
			buildConfigurationList = 8B74B92C2BBDF36C0038C9D1 /* Build configuration list for PBXProject "Landmarks" */;
			compatibilityVersion = "Xcode 14.0";
			developmentRegion = en;
			hasScannedForEncodings = 0;
			knownRegions = (
				en,
				Base,
			);
			mainGroup = 8B74B9282BBDF36C0038C9D1;
			productRefGroup = 8B74B9322BBDF36C0038C9D1 /* Products */;
			projectDirPath = "";
			projectRoot = "";
			targets = (
				8B74B9302BBDF36C0038C9D1 /* Landmarks */,
			);
		};
/* End PBXProject section */

/* Begin PBXResourcesBuildPhase section */
		8B74B92F2BBDF36C0038C9D1 /* Resources */ = {
			isa = PBXResourcesBuildPhase;
			buildActionMask = 2147483647;
			files = (
				8BB0429A2BC48415008AA8CB /* hikeData.json in Resources */,
				8B74B93C2BBDF36E0038C9D1 /* Preview Assets.xcassets in Resources */,
				8B74B9392BBDF36E0038C9D1 /* Assets.xcassets in Resources */,
				8B74B9562BBDF52E0038C9D1 /* landmarkData.json in Resources */,
			);
			runOnlyForDeploymentPostprocessing = 0;
		};
/* End PBXResourcesBuildPhase section */

/* Begin PBXSourcesBuildPhase section */
		8B74B92D2BBDF36C0038C9D1 /* Sources */ = {
			isa = PBXSourcesBuildPhase;
			buildActionMask = 2147483647;
			files = (
				8B74B9502BBDF51D0038C9D1 /* MapView.swift in Sources */,
				8B1460F12BBF4A57000FCAE5 /* Badge.swift in Sources */,
				8B74B9372BBDF36C0038C9D1 /* ContentView.swift in Sources */,
				8BB042A02BC48484008AA8CB /* GraphCapsule.swift in Sources */,
				8BB042A22BC48484008AA8CB /* HikeGraph.swift in Sources */,
				8B74B9462BBDF4D30038C9D1 /* ModelData.swift in Sources */,
				8B1460E52BBF41E3000FCAE5 /* FavoriteButton.swift in Sources */,
				8B1460E92BBF44FC000FCAE5 /* HexagonParameters.swift in Sources */,
				8BB0428F2BC47C40008AA8CB /* Hike.swift in Sources */,
				8B1460EF2BBF49DF000FCAE5 /* RotatedBadgeSymbol.swift in Sources */,
				8B1460ED2BBF495D000FCAE5 /* BadgeSymbol.swift in Sources */,
				8B74B9572BBDF5FC0038C9D1 /* LandmarksApp.swift in Sources */,
				8BB042A12BC48484008AA8CB /* HikeDetail.swift in Sources */,
				8BB042A32BC48484008AA8CB /* HikeView.swift in Sources */,
				8B74B94F2BBDF51D0038C9D1 /* LandmarkRow.swift in Sources */,
				8B1460EB2BBF45C5000FCAE5 /* BadgeBackground.swift in Sources */,
				8B74B9512BBDF51D0038C9D1 /* LandmarkDetail.swift in Sources */,
				8B74B9522BBDF51D0038C9D1 /* CircleImage.swift in Sources */,
				8B74B9452BBDF4D30038C9D1 /* Landmark.swift in Sources */,
				8B74B94E2BBDF51D0038C9D1 /* LandmarkList.swift in Sources */,
			);
			runOnlyForDeploymentPostprocessing = 0;
		};
/* End PBXSourcesBuildPhase section */

/* Begin XCBuildConfiguration section */
		8B74B93D2BBDF36E0038C9D1 /* Debug */ = {
			isa = XCBuildConfiguration;
			buildSettings = {
				ALWAYS_SEARCH_USER_PATHS = NO;
				ASSETCATALOG_COMPILER_GENERATE_SWIFT_ASSET_SYMBOL_EXTENSIONS = YES;
				CLANG_ANALYZER_NONNULL = YES;
				CLANG_ANALYZER_NUMBER_OBJECT_CONVERSION = YES_AGGRESSIVE;
				CLANG_CXX_LANGUAGE_STANDARD = "gnu++20";
				CLANG_ENABLE_MODULES = YES;
				CLANG_ENABLE_OBJC_ARC = YES;
				CLANG_ENABLE_OBJC_WEAK = YES;
				CLANG_WARN_BLOCK_CAPTURE_AUTORELEASING = YES;
				CLANG_WARN_BOOL_CONVERSION = YES;
				CLANG_WARN_COMMA = YES;
				CLANG_WARN_CONSTANT_CONVERSION = YES;
				CLANG_WARN_DEPRECATED_OBJC_IMPLEMENTATIONS = YES;
				CLANG_WARN_DIRECT_OBJC_ISA_USAGE = YES_ERROR;
				CLANG_WARN_DOCUMENTATION_COMMENTS = YES;
				CLANG_WARN_EMPTY_BODY = YES;
				CLANG_WARN_ENUM_CONVERSION = YES;
				CLANG_WARN_INFINITE_RECURSION = YES;
				CLANG_WARN_INT_CONVERSION = YES;
				CLANG_WARN_NON_LITERAL_NULL_CONVERSION = YES;
				CLANG_WARN_OBJC_IMPLICIT_RETAIN_SELF = YES;
				CLANG_WARN_OBJC_LITERAL_CONVERSION = YES;
				CLANG_WARN_OBJC_ROOT_CLASS = YES_ERROR;
				CLANG_WARN_QUOTED_INCLUDE_IN_FRAMEWORK_HEADER = YES;
				CLANG_WARN_RANGE_LOOP_ANALYSIS = YES;
				CLANG_WARN_STRICT_PROTOTYPES = YES;
				CLANG_WARN_SUSPICIOUS_MOVE = YES;
				CLANG_WARN_UNGUARDED_AVAILABILITY = YES_AGGRESSIVE;
				CLANG_WARN_UNREACHABLE_CODE = YES;
				CLANG_WARN__DUPLICATE_METHOD_MATCH = YES;
				COPY_PHASE_STRIP = NO;
				DEBUG_INFORMATION_FORMAT = dwarf;
				ENABLE_STRICT_OBJC_MSGSEND = YES;
				ENABLE_TESTABILITY = YES;
				ENABLE_USER_SCRIPT_SANDBOXING = YES;
				GCC_C_LANGUAGE_STANDARD = gnu17;
				GCC_DYNAMIC_NO_PIC = NO;
				GCC_NO_COMMON_BLOCKS = YES;
				GCC_OPTIMIZATION_LEVEL = 0;
				GCC_PREPROCESSOR_DEFINITIONS = (
					"DEBUG=1",
					"$(inherited)",
				);
				GCC_WARN_64_TO_32_BIT_CONVERSION = YES;
				GCC_WARN_ABOUT_RETURN_TYPE = YES_ERROR;
				GCC_WARN_UNDECLARED_SELECTOR = YES;
				GCC_WARN_UNINITIALIZED_AUTOS = YES_AGGRESSIVE;
				GCC_WARN_UNUSED_FUNCTION = YES;
				GCC_WARN_UNUSED_VARIABLE = YES;
				IPHONEOS_DEPLOYMENT_TARGET = 17.4;
				LOCALIZATION_PREFERS_STRING_CATALOGS = YES;
				MTL_ENABLE_DEBUG_INFO = INCLUDE_SOURCE;
				MTL_FAST_MATH = YES;
				ONLY_ACTIVE_ARCH = YES;
				SDKROOT = iphoneos;
				SWIFT_ACTIVE_COMPILATION_CONDITIONS = "DEBUG $(inherited)";
				SWIFT_OPTIMIZATION_LEVEL = "-Onone";
			};
			name = Debug;
		};
		8B74B93E2BBDF36E0038C9D1 /* Release */ = {
			isa = XCBuildConfiguration;
			buildSettings = {
				ALWAYS_SEARCH_USER_PATHS = NO;
				ASSETCATALOG_COMPILER_GENERATE_SWIFT_ASSET_SYMBOL_EXTENSIONS = YES;
				CLANG_ANALYZER_NONNULL = YES;
				CLANG_ANALYZER_NUMBER_OBJECT_CONVERSION = YES_AGGRESSIVE;
				CLANG_CXX_LANGUAGE_STANDARD = "gnu++20";
				CLANG_ENABLE_MODULES = YES;
				CLANG_ENABLE_OBJC_ARC = YES;
				CLANG_ENABLE_OBJC_WEAK = YES;
				CLANG_WARN_BLOCK_CAPTURE_AUTORELEASING = YES;
				CLANG_WARN_BOOL_CONVERSION = YES;
				CLANG_WARN_COMMA = YES;
				CLANG_WARN_CONSTANT_CONVERSION = YES;
				CLANG_WARN_DEPRECATED_OBJC_IMPLEMENTATIONS = YES;
				CLANG_WARN_DIRECT_OBJC_ISA_USAGE = YES_ERROR;
				CLANG_WARN_DOCUMENTATION_COMMENTS = YES;
				CLANG_WARN_EMPTY_BODY = YES;
				CLANG_WARN_ENUM_CONVERSION = YES;
				CLANG_WARN_INFINITE_RECURSION = YES;
				CLANG_WARN_INT_CONVERSION = YES;
				CLANG_WARN_NON_LITERAL_NULL_CONVERSION = YES;
				CLANG_WARN_OBJC_IMPLICIT_RETAIN_SELF = YES;
				CLANG_WARN_OBJC_LITERAL_CONVERSION = YES;
				CLANG_WARN_OBJC_ROOT_CLASS = YES_ERROR;
				CLANG_WARN_QUOTED_INCLUDE_IN_FRAMEWORK_HEADER = YES;
				CLANG_WARN_RANGE_LOOP_ANALYSIS = YES;
				CLANG_WARN_STRICT_PROTOTYPES = YES;
				CLANG_WARN_SUSPICIOUS_MOVE = YES;
				CLANG_WARN_UNGUARDED_AVAILABILITY = YES_AGGRESSIVE;
				CLANG_WARN_UNREACHABLE_CODE = YES;
				CLANG_WARN__DUPLICATE_METHOD_MATCH = YES;
				COPY_PHASE_STRIP = NO;
				DEBUG_INFORMATION_FORMAT = "dwarf-with-dsym";
				ENABLE_NS_ASSERTIONS = NO;
				ENABLE_STRICT_OBJC_MSGSEND = YES;
				ENABLE_USER_SCRIPT_SANDBOXING = YES;
				GCC_C_LANGUAGE_STANDARD = gnu17;
				GCC_NO_COMMON_BLOCKS = YES;
				GCC_WARN_64_TO_32_BIT_CONVERSION = YES;
				GCC_WARN_ABOUT_RETURN_TYPE = YES_ERROR;
				GCC_WARN_UNDECLARED_SELECTOR = YES;
				GCC_WARN_UNINITIALIZED_AUTOS = YES_AGGRESSIVE;
				GCC_WARN_UNUSED_FUNCTION = YES;
				GCC_WARN_UNUSED_VARIABLE = YES;
				IPHONEOS_DEPLOYMENT_TARGET = 17.4;
				LOCALIZATION_PREFERS_STRING_CATALOGS = YES;
				MTL_ENABLE_DEBUG_INFO = NO;
				MTL_FAST_MATH = YES;
				SDKROOT = iphoneos;
				SWIFT_COMPILATION_MODE = wholemodule;
				VALIDATE_PRODUCT = YES;
			};
			name = Release;
		};
		8B74B9402BBDF36E0038C9D1 /* Debug */ = {
			isa = XCBuildConfiguration;
			buildSettings = {
				ASSETCATALOG_COMPILER_APPICON_NAME = AppIcon;
				ASSETCATALOG_COMPILER_GLOBAL_ACCENT_COLOR_NAME = AccentColor;
				CODE_SIGN_STYLE = Automatic;
				CURRENT_PROJECT_VERSION = 1;
				DEVELOPMENT_ASSET_PATHS = "\"Landmarks/Preview Content\"";
				ENABLE_PREVIEWS = YES;
				GENERATE_INFOPLIST_FILE = YES;
				INFOPLIST_KEY_UIApplicationSceneManifest_Generation = YES;
				INFOPLIST_KEY_UIApplicationSupportsIndirectInputEvents = YES;
				INFOPLIST_KEY_UILaunchScreen_Generation = YES;
				INFOPLIST_KEY_UISupportedInterfaceOrientations_iPad = "UIInterfaceOrientationPortrait UIInterfaceOrientationPortraitUpsideDown UIInterfaceOrientationLandscapeLeft UIInterfaceOrientationLandscapeRight";
				INFOPLIST_KEY_UISupportedInterfaceOrientations_iPhone = "UIInterfaceOrientationPortrait UIInterfaceOrientationLandscapeLeft UIInterfaceOrientationLandscapeRight";
				IPHONEOS_DEPLOYMENT_TARGET = 17.4;
				LD_RUNPATH_SEARCH_PATHS = (
					"$(inherited)",
					"@executable_path/Frameworks",
				);
				MARKETING_VERSION = 1.0;
				PRODUCT_BUNDLE_IDENTIFIER = com.av.Landmarks;
				PRODUCT_NAME = "$(TARGET_NAME)";
				SWIFT_EMIT_LOC_STRINGS = YES;
				SWIFT_VERSION = 5.0;
				TARGETED_DEVICE_FAMILY = "1,2";
			};
			name = Debug;
		};
		8B74B9412BBDF36E0038C9D1 /* Release */ = {
			isa = XCBuildConfiguration;
			buildSettings = {
				ASSETCATALOG_COMPILER_APPICON_NAME = AppIcon;
				ASSETCATALOG_COMPILER_GLOBAL_ACCENT_COLOR_NAME = AccentColor;
				CODE_SIGN_STYLE = Automatic;
				CURRENT_PROJECT_VERSION = 1;
				DEVELOPMENT_ASSET_PATHS = "\"Landmarks/Preview Content\"";
				ENABLE_PREVIEWS = YES;
				GENERATE_INFOPLIST_FILE = YES;
				INFOPLIST_KEY_UIApplicationSceneManifest_Generation = YES;
				INFOPLIST_KEY_UIApplicationSupportsIndirectInputEvents = YES;
				INFOPLIST_KEY_UILaunchScreen_Generation = YES;
				INFOPLIST_KEY_UISupportedInterfaceOrientations_iPad = "UIInterfaceOrientationPortrait UIInterfaceOrientationPortraitUpsideDown UIInterfaceOrientationLandscapeLeft UIInterfaceOrientationLandscapeRight";
				INFOPLIST_KEY_UISupportedInterfaceOrientations_iPhone = "UIInterfaceOrientationPortrait UIInterfaceOrientationLandscapeLeft UIInterfaceOrientationLandscapeRight";
				IPHONEOS_DEPLOYMENT_TARGET = 17.4;
				LD_RUNPATH_SEARCH_PATHS = (
					"$(inherited)",
					"@executable_path/Frameworks",
				);
				MARKETING_VERSION = 1.0;
				PRODUCT_BUNDLE_IDENTIFIER = com.av.Landmarks;
				PRODUCT_NAME = "$(TARGET_NAME)";
				SWIFT_EMIT_LOC_STRINGS = YES;
				SWIFT_VERSION = 5.0;
				TARGETED_DEVICE_FAMILY = "1,2";
			};
			name = Release;
		};
/* End XCBuildConfiguration section */

/* Begin XCConfigurationList section */
		8B74B92C2BBDF36C0038C9D1 /* Build configuration list for PBXProject "Landmarks" */ = {
			isa = XCConfigurationList;
			buildConfigurations = (
				8B74B93D2BBDF36E0038C9D1 /* Debug */,
				8B74B93E2BBDF36E0038C9D1 /* Release */,
			);
			defaultConfigurationIsVisible = 0;
			defaultConfigurationName = Release;
		};
		8B74B93F2BBDF36E0038C9D1 /* Build configuration list for PBXNativeTarget "Landmarks" */ = {
			isa = XCConfigurationList;
			buildConfigurations = (
				8B74B9402BBDF36E0038C9D1 /* Debug */,
				8B74B9412BBDF36E0038C9D1 /* Release */,
			);
			defaultConfigurationIsVisible = 0;
			defaultConfigurationName = Release;
		};
/* End XCConfigurationList section */
	};
	rootObject = 8B74B9292BBDF36C0038C9D1 /* Project object */;
}
